
Microsoft Visual Studio Solution File, Format Version 12.00
Project("{2150E333-8FDC-42A3-9474-1A3956D46DE8}") = "src", "src", "{1027466C-46FF-4EB5-941A-A78C6DA2EA5F}"
	ProjectSection(SolutionItems) = preProject
		src\docker-compose.yaml = src\docker-compose.yaml
		src\docker-compose.prod.yaml = src\docker-compose.prod.yaml
		src\init-multiple-databases.sh = src\init-multiple-databases.sh
		src\otel-collector-config.yaml = src\otel-collector-config.yaml
		src\tempo-config.yaml = src\tempo-config.yaml
	EndProjectSection
EndProject
Project("{2150E333-8FDC-42A3-9474-1A3956D46DE8}") = "Services", "Services", "{1CCA764A-C052-4010-B92E-BE066A0A5B0D}"
EndProject
Project("{2150E333-8FDC-42A3-9474-1A3956D46DE8}") = "BuildingBlocks", "BuildingBlocks", "{1C774E0E-9157-4B34-B980-4EAE0DEB66C8}"
EndProject
Project("{FAE04EC0-301F-11D3-BF4B-00C04F79EFBC}") = "BuildingBlocks.Shared", "src\BuildingBlocks\BuildingBlocks.Shared\BuildingBlocks.Shared.csproj", "{164C55DB-4D94-4280-A7C4-5DC6D8F5748E}"
EndProject
Project("{FAE04EC0-301F-11D3-BF4B-00C04F79EFBC}") = "BuildingBlocks.EfCore", "src\BuildingBlocks\BuildingBlocks.EfCore\BuildingBlocks.EfCore.csproj", "{D17B55FD-AA1E-4E9D-95F4-A14B9B2158C1}"
EndProject
Project("{FAE04EC0-301F-11D3-BF4B-00C04F79EFBC}") = "BuildingBlocks.Logging", "src\BuildingBlocks\BuildingBlocks.Logging\BuildingBlocks.Logging.csproj", "{CB8805E9-DA0F-49AD-B440-574FEA7F9752}"
EndProject
Project("{2150E333-8FDC-42A3-9474-1A3956D46DE8}") = "Carts", "Carts", "{5D401A34-C4B1-41F4-8058-0F73A310393A}"
EndProject
Project("{FAE04EC0-301F-11D3-BF4B-00C04F79EFBC}") = "Ecommerce.Services.Carts.Api", "src\Services\Carts\Ecommerce.Services.Carts.Api\Ecommerce.Services.Carts.Api.csproj", "{872DBB2E-7B7C-43A3-9B21-7668CE00EDC2}"
EndProject
Project("{FAE04EC0-301F-11D3-BF4B-00C04F79EFBC}") = "BuildingBlocks.Caching", "src\BuildingBlocks\BuildingBlocks.Caching\BuildingBlocks.Caching.csproj", "{06BE814E-9C43-4240-BC95-107BE6D23FCD}"
EndProject
Project("{2150E333-8FDC-42A3-9474-1A3956D46DE8}") = "ApiGateway", "ApiGateway", "{1A50DD8E-2C5D-4677-A096-323920334416}"
EndProject
Project("{FAE04EC0-301F-11D3-BF4B-00C04F79EFBC}") = "Ecommerce.ApiGateway", "src\ApiGateway\Ecommerce.ApiGateway\Ecommerce.ApiGateway.csproj", "{F45DFEBB-F461-481D-883D-4FBCF222C19C}"
EndProject
Project("{FAE04EC0-301F-11D3-BF4B-00C04F79EFBC}") = "BuildingBlocks.Grpc", "src\BuildingBlocks\BuildingBlocks.Grpc\BuildingBlocks.Grpc.csproj", "{45689B28-0562-4B28-8BBC-0BB5407AB03C}"
EndProject
Project("{2150E333-8FDC-42A3-9474-1A3956D46DE8}") = "Catalogs", "Catalogs", "{3128A9F2-A7A2-2E48-E60D-3543DBA4F26A}"
EndProject
Project("{FAE04EC0-301F-11D3-BF4B-00C04F79EFBC}") = "Ecommerce.Services.Catalog.Domain", "src\Services\Catalogs\Ecommerce.Services.Catalog.Domain\Ecommerce.Services.Catalog.Domain.csproj", "{EAC5DFF7-D828-4931-B009-F1CE0EE0A327}"
EndProject
Project("{FAE04EC0-301F-11D3-BF4B-00C04F79EFBC}") = "Ecommerce.Services.Catalog.Contracts", "src\Services\Catalogs\Ecommerce.Services.Catalog.Contracts\Ecommerce.Services.Catalog.Contracts.csproj", "{1E67863E-F27C-41A4-8D4D-744E5E3EF95B}"
EndProject
Project("{FAE04EC0-301F-11D3-BF4B-00C04F79EFBC}") = "Ecommerce.Services.Catalog.Infrastructure", "src\Services\Catalogs\Ecommerce.Services.Catalog.Infrastructure\Ecommerce.Services.Catalog.Infrastructure.csproj", "{E199EDB1-2AC3-48A9-9F4A-65A7BB9D80AA}"
EndProject
Project("{FAE04EC0-301F-11D3-BF4B-00C04F79EFBC}") = "BuildingBlocks.Messaging", "src\BuildingBlocks\BuildingBlocks.Messaging\BuildingBlocks.Messaging.csproj", "{718A0EE0-28BB-4C4E-89B2-593153A46CE0}"
EndProject
Project("{FAE04EC0-301F-11D3-BF4B-00C04F79EFBC}") = "Ecommerce.Services.Catalog.Api", "src\Services\Catalogs\Ecommerce.Services.Catalog.Api\Ecommerce.Services.Catalog.Api.csproj", "{E3D7DFEC-9B40-4B73-8579-B792936B1122}"
EndProject
Project("{FAE04EC0-301F-11D3-BF4B-00C04F79EFBC}") = "Ecommerce.Services.Catalog.Application", "src\Services\Catalogs\Ecommerce.Services.Catalog.Application\Ecommerce.Services.Catalog.Application.csproj", "{FE98A39D-C5C9-4E93-9269-50D97C88471C}"
EndProject
Project("{FAE04EC0-301F-11D3-BF4B-00C04F79EFBC}") = "BuildingBlocks.Application", "src\BuildingBlocks\BuildingBlocks.Application\BuildingBlocks.Application.csproj", "{A34DC9E8-D422-4C8C-8207-B29D852F21DB}"
EndProject
Project("{FAE04EC0-301F-11D3-BF4B-00C04F79EFBC}") = "BuildingBlocks.Web", "src\BuildingBlocks\BuildingBlocks.Web\BuildingBlocks.Web.csproj", "{54C3CD5B-E495-4480-AA97-5B23958E841A}"
EndProject
Project("{2150E333-8FDC-42A3-9474-1A3956D46DE8}") = "Orders", "Orders", "{B0E1F1F7-F740-4CE9-892E-DE0A30E5C54D}"
EndProject
Project("{FAE04EC0-301F-11D3-BF4B-00C04F79EFBC}") = "Ecommerce.Services.Orders.Api", "src\Services\Orders\Ecommerce.Services.Orders.Api\Ecommerce.Services.Orders.Api.csproj", "{4D6360D4-C646-4987-A2F2-C9CCA7CF3F8F}"
EndProject
Project("{FAE04EC0-301F-11D3-BF4B-00C04F79EFBC}") = "Ecommerce.Services.Orders.Application", "src\Services\Orders\Ecommerce.Services.Orders.Application\Ecommerce.Services.Orders.Application.csproj", "{DF384EAC-29F4-4101-998D-654F61D45778}"
EndProject
Project("{FAE04EC0-301F-11D3-BF4B-00C04F79EFBC}") = "Ecommerce.Services.Orders.Contracts", "src\Services\Orders\Ecommerce.Services.Orders.Contracts\Ecommerce.Services.Orders.Contracts.csproj", "{1E69FA21-ABF5-47AB-9587-94F0D66931AA}"
EndProject
Project("{FAE04EC0-301F-11D3-BF4B-00C04F79EFBC}") = "Ecommerce.Services.Orders.Domain", "src\Services\Orders\Ecommerce.Services.Orders.Domain\Ecommerce.Services.Orders.Domain.csproj", "{A39357ED-5FE7-42A4-B1B4-B46F6901313D}"
EndProject
Project("{FAE04EC0-301F-11D3-BF4B-00C04F79EFBC}") = "Ecommerce.Services.Orders.Infrastructure", "src\Services\Orders\Ecommerce.Services.Orders.Infrastructure\Ecommerce.Services.Orders.Infrastructure.csproj", "{C3583CA1-10DA-4978-9451-25B610F89B9E}"
EndProject
Project("{FAE04EC0-301F-11D3-BF4B-00C04F79EFBC}") = "Ecommerce.Services.Carts.Contracts", "src\Services\Carts\Ecommerce.Services.Carts.Contracts\Ecommerce.Services.Carts.Contracts.csproj", "{BF088100-EDD7-452D-B6C3-B34ED7E5F8E0}"
EndProject
Project("{2150E333-8FDC-42A3-9474-1A3956D46DE8}") = "QueryDb", "QueryDb", "{9D57CF15-9990-498E-87D2-C313CD4FBCCB}"
	ProjectSection(SolutionItems) = preProject
		QueryDb\OrderServices.sql = QueryDb\OrderServices.sql
		QueryDb\SellerService.sql = QueryDb\SellerService.sql
		QueryDb\Shipping.sql = QueryDb\Shipping.sql
		QueryDb\IdentityService.sql = QueryDb\IdentityService.sql
		QueryDb\PaymentService.sql = QueryDb\PaymentService.sql
		QueryDb\NotificationService.sql = QueryDb\NotificationService.sql
		QueryDb\CatalogService.sql = QueryDb\CatalogService.sql
	EndProjectSection
EndProject
Project("{2150E333-8FDC-42A3-9474-1A3956D46DE8}") = "Identity", "Identity", "{FFF8B124-DA0A-4225-8888-6E5327A517E7}"
	ProjectSection(SolutionItems) = preProject
		Configurations\InfrastructureConfiguration.cs = Configurations\InfrastructureConfiguration.cs
	EndProjectSection
EndProject
Project("{FAE04EC0-301F-11D3-BF4B-00C04F79EFBC}") = "Identity.Api", "src\Services\Identity\Identity.Api\Identity.Api.csproj", "{31A63767-D2BF-4A90-A543-AEAD2836D228}"
EndProject
Project("{FAE04EC0-301F-11D3-BF4B-00C04F79EFBC}") = "BuildingBlocks.Auth", "src\BuildingBlocks\BuildingBlocks.Auth\BuildingBlocks.Auth.csproj", "{1B25A12C-568C-44D8-86D6-1A856AAD021C}"
EndProject
Project("{2150E333-8FDC-42A3-9474-1A3956D46DE8}") = "Payments", "Payments", "{DA171040-2998-47F0-8C3D-DFFF2AAF8101}"
EndProject
Project("{FAE04EC0-301F-11D3-BF4B-00C04F79EFBC}") = "Ecommerce.Services.Payments.Api", "src\Services\Payments\Ecommerce.Services.Payments.Api\Ecommerce.Services.Payments.Api.csproj", "{FC02E955-5E21-4927-B434-BB3F0C1B0866}"
EndProject
Project("{2150E333-8FDC-42A3-9474-1A3956D46DE8}") = "Sellers", "Sellers", "{282ACC7C-7978-43A8-9E5C-BE0175F95266}"
EndProject
Project("{FAE04EC0-301F-11D3-BF4B-00C04F79EFBC}") = "Ecommerce.Services.Sellers.Api", "src\Services\Sellers\Ecommerce.Services.Sellers.Api\Ecommerce.Services.Sellers.Api.csproj", "{9965A177-F972-4B95-8409-41E2882E9322}"
EndProject
Project("{FAE04EC0-301F-11D3-BF4B-00C04F79EFBC}") = "Ecommerce.Services.Sellers.Contracts", "src\Services\Sellers\Ecommerce.Services.Sellers.Contracts\Ecommerce.Services.Sellers.Contracts.csproj", "{F2DABA83-0CE3-4395-8A80-F440261018C0}"
EndProject
Project("{2150E333-8FDC-42A3-9474-1A3956D46DE8}") = "Shippings", "Shippings", "{6749F3DD-1C18-D3B8-E069-BA7AB59F77E1}"
EndProject
Project("{FAE04EC0-301F-11D3-BF4B-00C04F79EFBC}") = "Ecommerce.Services.Shippings.Api", "src\Services\Shippings\Ecommerce.Services.Shippings.Api\Ecommerce.Services.Shippings.Api.csproj", "{9EA0D126-B801-4255-B44A-5C7F5DBD0EF1}"
EndProject
Project("{2150E333-8FDC-42A3-9474-1A3956D46DE8}") = ".github", ".github", "{175030A3-FCEC-496B-B6C1-D5BB9786D821}"
EndProject
Project("{2150E333-8FDC-42A3-9474-1A3956D46DE8}") = "workflows", "workflows", "{DD565378-BF66-4A09-9993-C94CF3800138}"
	ProjectSection(SolutionItems) = preProject
		.github\workflows\cd-production.yaml = .github\workflows\cd-production.yaml
		.github\workflows\ci-develop.yaml = .github\workflows\ci-develop.yaml
		.github\workflows\ci-feature.yaml = .github\workflows\ci-feature.yaml
	EndProjectSection
EndProject
Project("{2150E333-8FDC-42A3-9474-1A3956D46DE8}") = "Notifications", "Notifications", "{6CDA1CBC-A1EE-0A76-8E11-75063EA3D8D8}"
EndProject
Project("{FAE04EC0-301F-11D3-BF4B-00C04F79EFBC}") = "Ecommerce.Services.Notifications.Api", "src\Services\Notifications\Ecommerce.Services.Notifications.Api\Ecommerce.Services.Notifications.Api.csproj", "{5178FBF4-A523-4D96-810A-27BA362EF0C1}"
EndProject
Project("{FAE04EC0-301F-11D3-BF4B-00C04F79EFBC}") = "BuildingBlocks.BackgroundJobs", "src\BuildingBlocks\BuildingBlocks.BackgroundJobs\BuildingBlocks.BackgroundJobs.csproj", "{522DE732-D4D6-4691-9F27-5FA8C4481527}"
EndProject
Global
	GlobalSection(SolutionConfigurationPlatforms) = preSolution
		Debug|Any CPU = Debug|Any CPU
		Debug|x64 = Debug|x64
		Debug|x86 = Debug|x86
		Release|Any CPU = Release|Any CPU
		Release|x64 = Release|x64
		Release|x86 = Release|x86
	EndGlobalSection
	GlobalSection(ProjectConfigurationPlatforms) = postSolution
		{164C55DB-4D94-4280-A7C4-5DC6D8F5748E}.Debug|Any CPU.ActiveCfg = Debug|Any CPU
		{164C55DB-4D94-4280-A7C4-5DC6D8F5748E}.Debug|Any CPU.Build.0 = Debug|Any CPU
		{164C55DB-4D94-4280-A7C4-5DC6D8F5748E}.Debug|x64.ActiveCfg = Debug|Any CPU
		{164C55DB-4D94-4280-A7C4-5DC6D8F5748E}.Debug|x64.Build.0 = Debug|Any CPU
		{164C55DB-4D94-4280-A7C4-5DC6D8F5748E}.Debug|x86.ActiveCfg = Debug|Any CPU
		{164C55DB-4D94-4280-A7C4-5DC6D8F5748E}.Debug|x86.Build.0 = Debug|Any CPU
		{164C55DB-4D94-4280-A7C4-5DC6D8F5748E}.Release|Any CPU.ActiveCfg = Release|Any CPU
		{164C55DB-4D94-4280-A7C4-5DC6D8F5748E}.Release|Any CPU.Build.0 = Release|Any CPU
		{164C55DB-4D94-4280-A7C4-5DC6D8F5748E}.Release|x64.ActiveCfg = Release|Any CPU
		{164C55DB-4D94-4280-A7C4-5DC6D8F5748E}.Release|x64.Build.0 = Release|Any CPU
		{164C55DB-4D94-4280-A7C4-5DC6D8F5748E}.Release|x86.ActiveCfg = Release|Any CPU
		{164C55DB-4D94-4280-A7C4-5DC6D8F5748E}.Release|x86.Build.0 = Release|Any CPU
		{D17B55FD-AA1E-4E9D-95F4-A14B9B2158C1}.Debug|Any CPU.ActiveCfg = Debug|Any CPU
		{D17B55FD-AA1E-4E9D-95F4-A14B9B2158C1}.Debug|Any CPU.Build.0 = Debug|Any CPU
		{D17B55FD-AA1E-4E9D-95F4-A14B9B2158C1}.Debug|x64.ActiveCfg = Debug|Any CPU
		{D17B55FD-AA1E-4E9D-95F4-A14B9B2158C1}.Debug|x64.Build.0 = Debug|Any CPU
		{D17B55FD-AA1E-4E9D-95F4-A14B9B2158C1}.Debug|x86.ActiveCfg = Debug|Any CPU
		{D17B55FD-AA1E-4E9D-95F4-A14B9B2158C1}.Debug|x86.Build.0 = Debug|Any CPU
		{D17B55FD-AA1E-4E9D-95F4-A14B9B2158C1}.Release|Any CPU.ActiveCfg = Release|Any CPU
		{D17B55FD-AA1E-4E9D-95F4-A14B9B2158C1}.Release|Any CPU.Build.0 = Release|Any CPU
		{D17B55FD-AA1E-4E9D-95F4-A14B9B2158C1}.Release|x64.ActiveCfg = Release|Any CPU
		{D17B55FD-AA1E-4E9D-95F4-A14B9B2158C1}.Release|x64.Build.0 = Release|Any CPU
		{D17B55FD-AA1E-4E9D-95F4-A14B9B2158C1}.Release|x86.ActiveCfg = Release|Any CPU
		{D17B55FD-AA1E-4E9D-95F4-A14B9B2158C1}.Release|x86.Build.0 = Release|Any CPU
		{CB8805E9-DA0F-49AD-B440-574FEA7F9752}.Debug|Any CPU.ActiveCfg = Debug|Any CPU
		{CB8805E9-DA0F-49AD-B440-574FEA7F9752}.Debug|Any CPU.Build.0 = Debug|Any CPU
		{CB8805E9-DA0F-49AD-B440-574FEA7F9752}.Debug|x64.ActiveCfg = Debug|Any CPU
		{CB8805E9-DA0F-49AD-B440-574FEA7F9752}.Debug|x64.Build.0 = Debug|Any CPU
		{CB8805E9-DA0F-49AD-B440-574FEA7F9752}.Debug|x86.ActiveCfg = Debug|Any CPU
		{CB8805E9-DA0F-49AD-B440-574FEA7F9752}.Debug|x86.Build.0 = Debug|Any CPU
		{CB8805E9-DA0F-49AD-B440-574FEA7F9752}.Release|Any CPU.ActiveCfg = Release|Any CPU
		{CB8805E9-DA0F-49AD-B440-574FEA7F9752}.Release|Any CPU.Build.0 = Release|Any CPU
		{CB8805E9-DA0F-49AD-B440-574FEA7F9752}.Release|x64.ActiveCfg = Release|Any CPU
		{CB8805E9-DA0F-49AD-B440-574FEA7F9752}.Release|x64.Build.0 = Release|Any CPU
		{CB8805E9-DA0F-49AD-B440-574FEA7F9752}.Release|x86.ActiveCfg = Release|Any CPU
		{CB8805E9-DA0F-49AD-B440-574FEA7F9752}.Release|x86.Build.0 = Release|Any CPU
		{872DBB2E-7B7C-43A3-9B21-7668CE00EDC2}.Debug|Any CPU.ActiveCfg = Debug|Any CPU
		{872DBB2E-7B7C-43A3-9B21-7668CE00EDC2}.Debug|Any CPU.Build.0 = Debug|Any CPU
		{872DBB2E-7B7C-43A3-9B21-7668CE00EDC2}.Debug|x64.ActiveCfg = Debug|Any CPU
		{872DBB2E-7B7C-43A3-9B21-7668CE00EDC2}.Debug|x64.Build.0 = Debug|Any CPU
		{872DBB2E-7B7C-43A3-9B21-7668CE00EDC2}.Debug|x86.ActiveCfg = Debug|Any CPU
		{872DBB2E-7B7C-43A3-9B21-7668CE00EDC2}.Debug|x86.Build.0 = Debug|Any CPU
		{872DBB2E-7B7C-43A3-9B21-7668CE00EDC2}.Release|Any CPU.ActiveCfg = Release|Any CPU
		{872DBB2E-7B7C-43A3-9B21-7668CE00EDC2}.Release|Any CPU.Build.0 = Release|Any CPU
		{872DBB2E-7B7C-43A3-9B21-7668CE00EDC2}.Release|x64.ActiveCfg = Release|Any CPU
		{872DBB2E-7B7C-43A3-9B21-7668CE00EDC2}.Release|x64.Build.0 = Release|Any CPU
		{872DBB2E-7B7C-43A3-9B21-7668CE00EDC2}.Release|x86.ActiveCfg = Release|Any CPU
		{872DBB2E-7B7C-43A3-9B21-7668CE00EDC2}.Release|x86.Build.0 = Release|Any CPU
		{06BE814E-9C43-4240-BC95-107BE6D23FCD}.Debug|Any CPU.ActiveCfg = Debug|Any CPU
		{06BE814E-9C43-4240-BC95-107BE6D23FCD}.Debug|Any CPU.Build.0 = Debug|Any CPU
		{06BE814E-9C43-4240-BC95-107BE6D23FCD}.Debug|x64.ActiveCfg = Debug|Any CPU
		{06BE814E-9C43-4240-BC95-107BE6D23FCD}.Debug|x64.Build.0 = Debug|Any CPU
		{06BE814E-9C43-4240-BC95-107BE6D23FCD}.Debug|x86.ActiveCfg = Debug|Any CPU
		{06BE814E-9C43-4240-BC95-107BE6D23FCD}.Debug|x86.Build.0 = Debug|Any CPU
		{06BE814E-9C43-4240-BC95-107BE6D23FCD}.Release|Any CPU.ActiveCfg = Release|Any CPU
		{06BE814E-9C43-4240-BC95-107BE6D23FCD}.Release|Any CPU.Build.0 = Release|Any CPU
		{06BE814E-9C43-4240-BC95-107BE6D23FCD}.Release|x64.ActiveCfg = Release|Any CPU
		{06BE814E-9C43-4240-BC95-107BE6D23FCD}.Release|x64.Build.0 = Release|Any CPU
		{06BE814E-9C43-4240-BC95-107BE6D23FCD}.Release|x86.ActiveCfg = Release|Any CPU
		{06BE814E-9C43-4240-BC95-107BE6D23FCD}.Release|x86.Build.0 = Release|Any CPU
		{F45DFEBB-F461-481D-883D-4FBCF222C19C}.Debug|Any CPU.ActiveCfg = Debug|Any CPU
		{F45DFEBB-F461-481D-883D-4FBCF222C19C}.Debug|Any CPU.Build.0 = Debug|Any CPU
		{F45DFEBB-F461-481D-883D-4FBCF222C19C}.Debug|x64.ActiveCfg = Debug|Any CPU
		{F45DFEBB-F461-481D-883D-4FBCF222C19C}.Debug|x64.Build.0 = Debug|Any CPU
		{F45DFEBB-F461-481D-883D-4FBCF222C19C}.Debug|x86.ActiveCfg = Debug|Any CPU
		{F45DFEBB-F461-481D-883D-4FBCF222C19C}.Debug|x86.Build.0 = Debug|Any CPU
		{F45DFEBB-F461-481D-883D-4FBCF222C19C}.Release|Any CPU.ActiveCfg = Release|Any CPU
		{F45DFEBB-F461-481D-883D-4FBCF222C19C}.Release|Any CPU.Build.0 = Release|Any CPU
		{F45DFEBB-F461-481D-883D-4FBCF222C19C}.Release|x64.ActiveCfg = Release|Any CPU
		{F45DFEBB-F461-481D-883D-4FBCF222C19C}.Release|x64.Build.0 = Release|Any CPU
		{F45DFEBB-F461-481D-883D-4FBCF222C19C}.Release|x86.ActiveCfg = Release|Any CPU
		{F45DFEBB-F461-481D-883D-4FBCF222C19C}.Release|x86.Build.0 = Release|Any CPU
		{45689B28-0562-4B28-8BBC-0BB5407AB03C}.Debug|Any CPU.ActiveCfg = Debug|Any CPU
		{45689B28-0562-4B28-8BBC-0BB5407AB03C}.Debug|Any CPU.Build.0 = Debug|Any CPU
		{45689B28-0562-4B28-8BBC-0BB5407AB03C}.Debug|x64.ActiveCfg = Debug|Any CPU
		{45689B28-0562-4B28-8BBC-0BB5407AB03C}.Debug|x64.Build.0 = Debug|Any CPU
		{45689B28-0562-4B28-8BBC-0BB5407AB03C}.Debug|x86.ActiveCfg = Debug|Any CPU
		{45689B28-0562-4B28-8BBC-0BB5407AB03C}.Debug|x86.Build.0 = Debug|Any CPU
		{45689B28-0562-4B28-8BBC-0BB5407AB03C}.Release|Any CPU.ActiveCfg = Release|Any CPU
		{45689B28-0562-4B28-8BBC-0BB5407AB03C}.Release|Any CPU.Build.0 = Release|Any CPU
		{45689B28-0562-4B28-8BBC-0BB5407AB03C}.Release|x64.ActiveCfg = Release|Any CPU
		{45689B28-0562-4B28-8BBC-0BB5407AB03C}.Release|x64.Build.0 = Release|Any CPU
		{45689B28-0562-4B28-8BBC-0BB5407AB03C}.Release|x86.ActiveCfg = Release|Any CPU
		{45689B28-0562-4B28-8BBC-0BB5407AB03C}.Release|x86.Build.0 = Release|Any CPU
		{EAC5DFF7-D828-4931-B009-F1CE0EE0A327}.Debug|Any CPU.ActiveCfg = Debug|Any CPU
		{EAC5DFF7-D828-4931-B009-F1CE0EE0A327}.Debug|Any CPU.Build.0 = Debug|Any CPU
		{EAC5DFF7-D828-4931-B009-F1CE0EE0A327}.Debug|x64.ActiveCfg = Debug|Any CPU
		{EAC5DFF7-D828-4931-B009-F1CE0EE0A327}.Debug|x64.Build.0 = Debug|Any CPU
		{EAC5DFF7-D828-4931-B009-F1CE0EE0A327}.Debug|x86.ActiveCfg = Debug|Any CPU
		{EAC5DFF7-D828-4931-B009-F1CE0EE0A327}.Debug|x86.Build.0 = Debug|Any CPU
		{EAC5DFF7-D828-4931-B009-F1CE0EE0A327}.Release|Any CPU.ActiveCfg = Release|Any CPU
		{EAC5DFF7-D828-4931-B009-F1CE0EE0A327}.Release|Any CPU.Build.0 = Release|Any CPU
		{EAC5DFF7-D828-4931-B009-F1CE0EE0A327}.Release|x64.ActiveCfg = Release|Any CPU
		{EAC5DFF7-D828-4931-B009-F1CE0EE0A327}.Release|x64.Build.0 = Release|Any CPU
		{EAC5DFF7-D828-4931-B009-F1CE0EE0A327}.Release|x86.ActiveCfg = Release|Any CPU
		{EAC5DFF7-D828-4931-B009-F1CE0EE0A327}.Release|x86.Build.0 = Release|Any CPU
		{1E67863E-F27C-41A4-8D4D-744E5E3EF95B}.Debug|Any CPU.ActiveCfg = Debug|Any CPU
		{1E67863E-F27C-41A4-8D4D-744E5E3EF95B}.Debug|Any CPU.Build.0 = Debug|Any CPU
		{1E67863E-F27C-41A4-8D4D-744E5E3EF95B}.Debug|x64.ActiveCfg = Debug|Any CPU
		{1E67863E-F27C-41A4-8D4D-744E5E3EF95B}.Debug|x64.Build.0 = Debug|Any CPU
		{1E67863E-F27C-41A4-8D4D-744E5E3EF95B}.Debug|x86.ActiveCfg = Debug|Any CPU
		{1E67863E-F27C-41A4-8D4D-744E5E3EF95B}.Debug|x86.Build.0 = Debug|Any CPU
		{1E67863E-F27C-41A4-8D4D-744E5E3EF95B}.Release|Any CPU.ActiveCfg = Release|Any CPU
		{1E67863E-F27C-41A4-8D4D-744E5E3EF95B}.Release|Any CPU.Build.0 = Release|Any CPU
		{1E67863E-F27C-41A4-8D4D-744E5E3EF95B}.Release|x64.ActiveCfg = Release|Any CPU
		{1E67863E-F27C-41A4-8D4D-744E5E3EF95B}.Release|x64.Build.0 = Release|Any CPU
		{1E67863E-F27C-41A4-8D4D-744E5E3EF95B}.Release|x86.ActiveCfg = Release|Any CPU
		{1E67863E-F27C-41A4-8D4D-744E5E3EF95B}.Release|x86.Build.0 = Release|Any CPU
		{E199EDB1-2AC3-48A9-9F4A-65A7BB9D80AA}.Debug|Any CPU.ActiveCfg = Debug|Any CPU
		{E199EDB1-2AC3-48A9-9F4A-65A7BB9D80AA}.Debug|Any CPU.Build.0 = Debug|Any CPU
		{E199EDB1-2AC3-48A9-9F4A-65A7BB9D80AA}.Debug|x64.ActiveCfg = Debug|Any CPU
		{E199EDB1-2AC3-48A9-9F4A-65A7BB9D80AA}.Debug|x64.Build.0 = Debug|Any CPU
		{E199EDB1-2AC3-48A9-9F4A-65A7BB9D80AA}.Debug|x86.ActiveCfg = Debug|Any CPU
		{E199EDB1-2AC3-48A9-9F4A-65A7BB9D80AA}.Debug|x86.Build.0 = Debug|Any CPU
		{E199EDB1-2AC3-48A9-9F4A-65A7BB9D80AA}.Release|Any CPU.ActiveCfg = Release|Any CPU
		{E199EDB1-2AC3-48A9-9F4A-65A7BB9D80AA}.Release|Any CPU.Build.0 = Release|Any CPU
		{E199EDB1-2AC3-48A9-9F4A-65A7BB9D80AA}.Release|x64.ActiveCfg = Release|Any CPU
		{E199EDB1-2AC3-48A9-9F4A-65A7BB9D80AA}.Release|x64.Build.0 = Release|Any CPU
		{E199EDB1-2AC3-48A9-9F4A-65A7BB9D80AA}.Release|x86.ActiveCfg = Release|Any CPU
		{E199EDB1-2AC3-48A9-9F4A-65A7BB9D80AA}.Release|x86.Build.0 = Release|Any CPU
		{718A0EE0-28BB-4C4E-89B2-593153A46CE0}.Debug|Any CPU.ActiveCfg = Debug|Any CPU
		{718A0EE0-28BB-4C4E-89B2-593153A46CE0}.Debug|Any CPU.Build.0 = Debug|Any CPU
		{718A0EE0-28BB-4C4E-89B2-593153A46CE0}.Debug|x64.ActiveCfg = Debug|Any CPU
		{718A0EE0-28BB-4C4E-89B2-593153A46CE0}.Debug|x64.Build.0 = Debug|Any CPU
		{718A0EE0-28BB-4C4E-89B2-593153A46CE0}.Debug|x86.ActiveCfg = Debug|Any CPU
		{718A0EE0-28BB-4C4E-89B2-593153A46CE0}.Debug|x86.Build.0 = Debug|Any CPU
		{718A0EE0-28BB-4C4E-89B2-593153A46CE0}.Release|Any CPU.ActiveCfg = Release|Any CPU
		{718A0EE0-28BB-4C4E-89B2-593153A46CE0}.Release|Any CPU.Build.0 = Release|Any CPU
		{718A0EE0-28BB-4C4E-89B2-593153A46CE0}.Release|x64.ActiveCfg = Release|Any CPU
		{718A0EE0-28BB-4C4E-89B2-593153A46CE0}.Release|x64.Build.0 = Release|Any CPU
		{718A0EE0-28BB-4C4E-89B2-593153A46CE0}.Release|x86.ActiveCfg = Release|Any CPU
		{718A0EE0-28BB-4C4E-89B2-593153A46CE0}.Release|x86.Build.0 = Release|Any CPU
		{E3D7DFEC-9B40-4B73-8579-B792936B1122}.Debug|Any CPU.ActiveCfg = Debug|Any CPU
		{E3D7DFEC-9B40-4B73-8579-B792936B1122}.Debug|Any CPU.Build.0 = Debug|Any CPU
		{E3D7DFEC-9B40-4B73-8579-B792936B1122}.Debug|x64.ActiveCfg = Debug|Any CPU
		{E3D7DFEC-9B40-4B73-8579-B792936B1122}.Debug|x64.Build.0 = Debug|Any CPU
		{E3D7DFEC-9B40-4B73-8579-B792936B1122}.Debug|x86.ActiveCfg = Debug|Any CPU
		{E3D7DFEC-9B40-4B73-8579-B792936B1122}.Debug|x86.Build.0 = Debug|Any CPU
		{E3D7DFEC-9B40-4B73-8579-B792936B1122}.Release|Any CPU.ActiveCfg = Release|Any CPU
		{E3D7DFEC-9B40-4B73-8579-B792936B1122}.Release|Any CPU.Build.0 = Release|Any CPU
		{E3D7DFEC-9B40-4B73-8579-B792936B1122}.Release|x64.ActiveCfg = Release|Any CPU
		{E3D7DFEC-9B40-4B73-8579-B792936B1122}.Release|x64.Build.0 = Release|Any CPU
		{E3D7DFEC-9B40-4B73-8579-B792936B1122}.Release|x86.ActiveCfg = Release|Any CPU
		{E3D7DFEC-9B40-4B73-8579-B792936B1122}.Release|x86.Build.0 = Release|Any CPU
		{FE98A39D-C5C9-4E93-9269-50D97C88471C}.Debug|Any CPU.ActiveCfg = Debug|Any CPU
		{FE98A39D-C5C9-4E93-9269-50D97C88471C}.Debug|Any CPU.Build.0 = Debug|Any CPU
		{FE98A39D-C5C9-4E93-9269-50D97C88471C}.Debug|x64.ActiveCfg = Debug|Any CPU
		{FE98A39D-C5C9-4E93-9269-50D97C88471C}.Debug|x64.Build.0 = Debug|Any CPU
		{FE98A39D-C5C9-4E93-9269-50D97C88471C}.Debug|x86.ActiveCfg = Debug|Any CPU
		{FE98A39D-C5C9-4E93-9269-50D97C88471C}.Debug|x86.Build.0 = Debug|Any CPU
		{FE98A39D-C5C9-4E93-9269-50D97C88471C}.Release|Any CPU.ActiveCfg = Release|Any CPU
		{FE98A39D-C5C9-4E93-9269-50D97C88471C}.Release|Any CPU.Build.0 = Release|Any CPU
		{FE98A39D-C5C9-4E93-9269-50D97C88471C}.Release|x64.ActiveCfg = Release|Any CPU
		{FE98A39D-C5C9-4E93-9269-50D97C88471C}.Release|x64.Build.0 = Release|Any CPU
		{FE98A39D-C5C9-4E93-9269-50D97C88471C}.Release|x86.ActiveCfg = Release|Any CPU
		{FE98A39D-C5C9-4E93-9269-50D97C88471C}.Release|x86.Build.0 = Release|Any CPU
		{A34DC9E8-D422-4C8C-8207-B29D852F21DB}.Debug|Any CPU.ActiveCfg = Debug|Any CPU
		{A34DC9E8-D422-4C8C-8207-B29D852F21DB}.Debug|Any CPU.Build.0 = Debug|Any CPU
		{A34DC9E8-D422-4C8C-8207-B29D852F21DB}.Debug|x64.ActiveCfg = Debug|Any CPU
		{A34DC9E8-D422-4C8C-8207-B29D852F21DB}.Debug|x64.Build.0 = Debug|Any CPU
		{A34DC9E8-D422-4C8C-8207-B29D852F21DB}.Debug|x86.ActiveCfg = Debug|Any CPU
		{A34DC9E8-D422-4C8C-8207-B29D852F21DB}.Debug|x86.Build.0 = Debug|Any CPU
		{A34DC9E8-D422-4C8C-8207-B29D852F21DB}.Release|Any CPU.ActiveCfg = Release|Any CPU
		{A34DC9E8-D422-4C8C-8207-B29D852F21DB}.Release|Any CPU.Build.0 = Release|Any CPU
		{A34DC9E8-D422-4C8C-8207-B29D852F21DB}.Release|x64.ActiveCfg = Release|Any CPU
		{A34DC9E8-D422-4C8C-8207-B29D852F21DB}.Release|x64.Build.0 = Release|Any CPU
		{A34DC9E8-D422-4C8C-8207-B29D852F21DB}.Release|x86.ActiveCfg = Release|Any CPU
		{A34DC9E8-D422-4C8C-8207-B29D852F21DB}.Release|x86.Build.0 = Release|Any CPU
		{54C3CD5B-E495-4480-AA97-5B23958E841A}.Debug|Any CPU.ActiveCfg = Debug|Any CPU
		{54C3CD5B-E495-4480-AA97-5B23958E841A}.Debug|Any CPU.Build.0 = Debug|Any CPU
		{54C3CD5B-E495-4480-AA97-5B23958E841A}.Debug|x64.ActiveCfg = Debug|Any CPU
		{54C3CD5B-E495-4480-AA97-5B23958E841A}.Debug|x64.Build.0 = Debug|Any CPU
		{54C3CD5B-E495-4480-AA97-5B23958E841A}.Debug|x86.ActiveCfg = Debug|Any CPU
		{54C3CD5B-E495-4480-AA97-5B23958E841A}.Debug|x86.Build.0 = Debug|Any CPU
		{54C3CD5B-E495-4480-AA97-5B23958E841A}.Release|Any CPU.ActiveCfg = Release|Any CPU
		{54C3CD5B-E495-4480-AA97-5B23958E841A}.Release|Any CPU.Build.0 = Release|Any CPU
		{54C3CD5B-E495-4480-AA97-5B23958E841A}.Release|x64.ActiveCfg = Release|Any CPU
		{54C3CD5B-E495-4480-AA97-5B23958E841A}.Release|x64.Build.0 = Release|Any CPU
		{54C3CD5B-E495-4480-AA97-5B23958E841A}.Release|x86.ActiveCfg = Release|Any CPU
		{54C3CD5B-E495-4480-AA97-5B23958E841A}.Release|x86.Build.0 = Release|Any CPU
		{4D6360D4-C646-4987-A2F2-C9CCA7CF3F8F}.Debug|Any CPU.ActiveCfg = Debug|Any CPU
		{4D6360D4-C646-4987-A2F2-C9CCA7CF3F8F}.Debug|Any CPU.Build.0 = Debug|Any CPU
		{4D6360D4-C646-4987-A2F2-C9CCA7CF3F8F}.Debug|x64.ActiveCfg = Debug|Any CPU
		{4D6360D4-C646-4987-A2F2-C9CCA7CF3F8F}.Debug|x64.Build.0 = Debug|Any CPU
		{4D6360D4-C646-4987-A2F2-C9CCA7CF3F8F}.Debug|x86.ActiveCfg = Debug|Any CPU
		{4D6360D4-C646-4987-A2F2-C9CCA7CF3F8F}.Debug|x86.Build.0 = Debug|Any CPU
		{4D6360D4-C646-4987-A2F2-C9CCA7CF3F8F}.Release|Any CPU.ActiveCfg = Release|Any CPU
		{4D6360D4-C646-4987-A2F2-C9CCA7CF3F8F}.Release|Any CPU.Build.0 = Release|Any CPU
		{4D6360D4-C646-4987-A2F2-C9CCA7CF3F8F}.Release|x64.ActiveCfg = Release|Any CPU
		{4D6360D4-C646-4987-A2F2-C9CCA7CF3F8F}.Release|x64.Build.0 = Release|Any CPU
		{4D6360D4-C646-4987-A2F2-C9CCA7CF3F8F}.Release|x86.ActiveCfg = Release|Any CPU
		{4D6360D4-C646-4987-A2F2-C9CCA7CF3F8F}.Release|x86.Build.0 = Release|Any CPU
		{DF384EAC-29F4-4101-998D-654F61D45778}.Debug|Any CPU.ActiveCfg = Debug|Any CPU
		{DF384EAC-29F4-4101-998D-654F61D45778}.Debug|Any CPU.Build.0 = Debug|Any CPU
		{DF384EAC-29F4-4101-998D-654F61D45778}.Debug|x64.ActiveCfg = Debug|Any CPU
		{DF384EAC-29F4-4101-998D-654F61D45778}.Debug|x64.Build.0 = Debug|Any CPU
		{DF384EAC-29F4-4101-998D-654F61D45778}.Debug|x86.ActiveCfg = Debug|Any CPU
		{DF384EAC-29F4-4101-998D-654F61D45778}.Debug|x86.Build.0 = Debug|Any CPU
		{DF384EAC-29F4-4101-998D-654F61D45778}.Release|Any CPU.ActiveCfg = Release|Any CPU
		{DF384EAC-29F4-4101-998D-654F61D45778}.Release|Any CPU.Build.0 = Release|Any CPU
		{DF384EAC-29F4-4101-998D-654F61D45778}.Release|x64.ActiveCfg = Release|Any CPU
		{DF384EAC-29F4-4101-998D-654F61D45778}.Release|x64.Build.0 = Release|Any CPU
		{DF384EAC-29F4-4101-998D-654F61D45778}.Release|x86.ActiveCfg = Release|Any CPU
		{DF384EAC-29F4-4101-998D-654F61D45778}.Release|x86.Build.0 = Release|Any CPU
		{1E69FA21-ABF5-47AB-9587-94F0D66931AA}.Debug|Any CPU.ActiveCfg = Debug|Any CPU
		{1E69FA21-ABF5-47AB-9587-94F0D66931AA}.Debug|Any CPU.Build.0 = Debug|Any CPU
		{1E69FA21-ABF5-47AB-9587-94F0D66931AA}.Debug|x64.ActiveCfg = Debug|Any CPU
		{1E69FA21-ABF5-47AB-9587-94F0D66931AA}.Debug|x64.Build.0 = Debug|Any CPU
		{1E69FA21-ABF5-47AB-9587-94F0D66931AA}.Debug|x86.ActiveCfg = Debug|Any CPU
		{1E69FA21-ABF5-47AB-9587-94F0D66931AA}.Debug|x86.Build.0 = Debug|Any CPU
		{1E69FA21-ABF5-47AB-9587-94F0D66931AA}.Release|Any CPU.ActiveCfg = Release|Any CPU
		{1E69FA21-ABF5-47AB-9587-94F0D66931AA}.Release|Any CPU.Build.0 = Release|Any CPU
		{1E69FA21-ABF5-47AB-9587-94F0D66931AA}.Release|x64.ActiveCfg = Release|Any CPU
		{1E69FA21-ABF5-47AB-9587-94F0D66931AA}.Release|x64.Build.0 = Release|Any CPU
		{1E69FA21-ABF5-47AB-9587-94F0D66931AA}.Release|x86.ActiveCfg = Release|Any CPU
		{1E69FA21-ABF5-47AB-9587-94F0D66931AA}.Release|x86.Build.0 = Release|Any CPU
		{A39357ED-5FE7-42A4-B1B4-B46F6901313D}.Debug|Any CPU.ActiveCfg = Debug|Any CPU
		{A39357ED-5FE7-42A4-B1B4-B46F6901313D}.Debug|Any CPU.Build.0 = Debug|Any CPU
		{A39357ED-5FE7-42A4-B1B4-B46F6901313D}.Debug|x64.ActiveCfg = Debug|Any CPU
		{A39357ED-5FE7-42A4-B1B4-B46F6901313D}.Debug|x64.Build.0 = Debug|Any CPU
		{A39357ED-5FE7-42A4-B1B4-B46F6901313D}.Debug|x86.ActiveCfg = Debug|Any CPU
		{A39357ED-5FE7-42A4-B1B4-B46F6901313D}.Debug|x86.Build.0 = Debug|Any CPU
		{A39357ED-5FE7-42A4-B1B4-B46F6901313D}.Release|Any CPU.ActiveCfg = Release|Any CPU
		{A39357ED-5FE7-42A4-B1B4-B46F6901313D}.Release|Any CPU.Build.0 = Release|Any CPU
		{A39357ED-5FE7-42A4-B1B4-B46F6901313D}.Release|x64.ActiveCfg = Release|Any CPU
		{A39357ED-5FE7-42A4-B1B4-B46F6901313D}.Release|x64.Build.0 = Release|Any CPU
		{A39357ED-5FE7-42A4-B1B4-B46F6901313D}.Release|x86.ActiveCfg = Release|Any CPU
		{A39357ED-5FE7-42A4-B1B4-B46F6901313D}.Release|x86.Build.0 = Release|Any CPU
		{C3583CA1-10DA-4978-9451-25B610F89B9E}.Debug|Any CPU.ActiveCfg = Debug|Any CPU
		{C3583CA1-10DA-4978-9451-25B610F89B9E}.Debug|Any CPU.Build.0 = Debug|Any CPU
		{C3583CA1-10DA-4978-9451-25B610F89B9E}.Debug|x64.ActiveCfg = Debug|Any CPU
		{C3583CA1-10DA-4978-9451-25B610F89B9E}.Debug|x64.Build.0 = Debug|Any CPU
		{C3583CA1-10DA-4978-9451-25B610F89B9E}.Debug|x86.ActiveCfg = Debug|Any CPU
		{C3583CA1-10DA-4978-9451-25B610F89B9E}.Debug|x86.Build.0 = Debug|Any CPU
		{C3583CA1-10DA-4978-9451-25B610F89B9E}.Release|Any CPU.ActiveCfg = Release|Any CPU
		{C3583CA1-10DA-4978-9451-25B610F89B9E}.Release|Any CPU.Build.0 = Release|Any CPU
		{C3583CA1-10DA-4978-9451-25B610F89B9E}.Release|x64.ActiveCfg = Release|Any CPU
		{C3583CA1-10DA-4978-9451-25B610F89B9E}.Release|x64.Build.0 = Release|Any CPU
		{C3583CA1-10DA-4978-9451-25B610F89B9E}.Release|x86.ActiveCfg = Release|Any CPU
		{C3583CA1-10DA-4978-9451-25B610F89B9E}.Release|x86.Build.0 = Release|Any CPU
		{BF088100-EDD7-452D-B6C3-B34ED7E5F8E0}.Debug|Any CPU.ActiveCfg = Debug|Any CPU
		{BF088100-EDD7-452D-B6C3-B34ED7E5F8E0}.Debug|Any CPU.Build.0 = Debug|Any CPU
		{BF088100-EDD7-452D-B6C3-B34ED7E5F8E0}.Debug|x64.ActiveCfg = Debug|Any CPU
		{BF088100-EDD7-452D-B6C3-B34ED7E5F8E0}.Debug|x64.Build.0 = Debug|Any CPU
		{BF088100-EDD7-452D-B6C3-B34ED7E5F8E0}.Debug|x86.ActiveCfg = Debug|Any CPU
		{BF088100-EDD7-452D-B6C3-B34ED7E5F8E0}.Debug|x86.Build.0 = Debug|Any CPU
		{BF088100-EDD7-452D-B6C3-B34ED7E5F8E0}.Release|Any CPU.ActiveCfg = Release|Any CPU
		{BF088100-EDD7-452D-B6C3-B34ED7E5F8E0}.Release|Any CPU.Build.0 = Release|Any CPU
		{BF088100-EDD7-452D-B6C3-B34ED7E5F8E0}.Release|x64.ActiveCfg = Release|Any CPU
		{BF088100-EDD7-452D-B6C3-B34ED7E5F8E0}.Release|x64.Build.0 = Release|Any CPU
		{BF088100-EDD7-452D-B6C3-B34ED7E5F8E0}.Release|x86.ActiveCfg = Release|Any CPU
		{BF088100-EDD7-452D-B6C3-B34ED7E5F8E0}.Release|x86.Build.0 = Release|Any CPU
		{31A63767-D2BF-4A90-A543-AEAD2836D228}.Debug|Any CPU.ActiveCfg = Debug|Any CPU
		{31A63767-D2BF-4A90-A543-AEAD2836D228}.Debug|Any CPU.Build.0 = Debug|Any CPU
		{31A63767-D2BF-4A90-A543-AEAD2836D228}.Debug|x64.ActiveCfg = Debug|Any CPU
		{31A63767-D2BF-4A90-A543-AEAD2836D228}.Debug|x64.Build.0 = Debug|Any CPU
		{31A63767-D2BF-4A90-A543-AEAD2836D228}.Debug|x86.ActiveCfg = Debug|Any CPU
		{31A63767-D2BF-4A90-A543-AEAD2836D228}.Debug|x86.Build.0 = Debug|Any CPU
		{31A63767-D2BF-4A90-A543-AEAD2836D228}.Release|Any CPU.ActiveCfg = Release|Any CPU
		{31A63767-D2BF-4A90-A543-AEAD2836D228}.Release|Any CPU.Build.0 = Release|Any CPU
		{31A63767-D2BF-4A90-A543-AEAD2836D228}.Release|x64.ActiveCfg = Release|Any CPU
		{31A63767-D2BF-4A90-A543-AEAD2836D228}.Release|x64.Build.0 = Release|Any CPU
		{31A63767-D2BF-4A90-A543-AEAD2836D228}.Release|x86.ActiveCfg = Release|Any CPU
		{31A63767-D2BF-4A90-A543-AEAD2836D228}.Release|x86.Build.0 = Release|Any CPU
		{1B25A12C-568C-44D8-86D6-1A856AAD021C}.Debug|Any CPU.ActiveCfg = Debug|Any CPU
		{1B25A12C-568C-44D8-86D6-1A856AAD021C}.Debug|Any CPU.Build.0 = Debug|Any CPU
		{1B25A12C-568C-44D8-86D6-1A856AAD021C}.Debug|x64.ActiveCfg = Debug|Any CPU
		{1B25A12C-568C-44D8-86D6-1A856AAD021C}.Debug|x64.Build.0 = Debug|Any CPU
		{1B25A12C-568C-44D8-86D6-1A856AAD021C}.Debug|x86.ActiveCfg = Debug|Any CPU
		{1B25A12C-568C-44D8-86D6-1A856AAD021C}.Debug|x86.Build.0 = Debug|Any CPU
		{1B25A12C-568C-44D8-86D6-1A856AAD021C}.Release|Any CPU.ActiveCfg = Release|Any CPU
		{1B25A12C-568C-44D8-86D6-1A856AAD021C}.Release|Any CPU.Build.0 = Release|Any CPU
		{1B25A12C-568C-44D8-86D6-1A856AAD021C}.Release|x64.ActiveCfg = Release|Any CPU
		{1B25A12C-568C-44D8-86D6-1A856AAD021C}.Release|x64.Build.0 = Release|Any CPU
		{1B25A12C-568C-44D8-86D6-1A856AAD021C}.Release|x86.ActiveCfg = Release|Any CPU
		{1B25A12C-568C-44D8-86D6-1A856AAD021C}.Release|x86.Build.0 = Release|Any CPU
		{FC02E955-5E21-4927-B434-BB3F0C1B0866}.Debug|Any CPU.ActiveCfg = Debug|Any CPU
		{FC02E955-5E21-4927-B434-BB3F0C1B0866}.Debug|Any CPU.Build.0 = Debug|Any CPU
		{FC02E955-5E21-4927-B434-BB3F0C1B0866}.Debug|x64.ActiveCfg = Debug|Any CPU
		{FC02E955-5E21-4927-B434-BB3F0C1B0866}.Debug|x64.Build.0 = Debug|Any CPU
		{FC02E955-5E21-4927-B434-BB3F0C1B0866}.Debug|x86.ActiveCfg = Debug|Any CPU
		{FC02E955-5E21-4927-B434-BB3F0C1B0866}.Debug|x86.Build.0 = Debug|Any CPU
		{FC02E955-5E21-4927-B434-BB3F0C1B0866}.Release|Any CPU.ActiveCfg = Release|Any CPU
		{FC02E955-5E21-4927-B434-BB3F0C1B0866}.Release|Any CPU.Build.0 = Release|Any CPU
		{FC02E955-5E21-4927-B434-BB3F0C1B0866}.Release|x64.ActiveCfg = Release|Any CPU
		{FC02E955-5E21-4927-B434-BB3F0C1B0866}.Release|x64.Build.0 = Release|Any CPU
		{FC02E955-5E21-4927-B434-BB3F0C1B0866}.Release|x86.ActiveCfg = Release|Any CPU
		{FC02E955-5E21-4927-B434-BB3F0C1B0866}.Release|x86.Build.0 = Release|Any CPU
		{9965A177-F972-4B95-8409-41E2882E9322}.Debug|Any CPU.ActiveCfg = Debug|Any CPU
		{9965A177-F972-4B95-8409-41E2882E9322}.Debug|Any CPU.Build.0 = Debug|Any CPU
		{9965A177-F972-4B95-8409-41E2882E9322}.Debug|x64.ActiveCfg = Debug|Any CPU
		{9965A177-F972-4B95-8409-41E2882E9322}.Debug|x64.Build.0 = Debug|Any CPU
		{9965A177-F972-4B95-8409-41E2882E9322}.Debug|x86.ActiveCfg = Debug|Any CPU
		{9965A177-F972-4B95-8409-41E2882E9322}.Debug|x86.Build.0 = Debug|Any CPU
		{9965A177-F972-4B95-8409-41E2882E9322}.Release|Any CPU.ActiveCfg = Release|Any CPU
		{9965A177-F972-4B95-8409-41E2882E9322}.Release|Any CPU.Build.0 = Release|Any CPU
		{9965A177-F972-4B95-8409-41E2882E9322}.Release|x64.ActiveCfg = Release|Any CPU
		{9965A177-F972-4B95-8409-41E2882E9322}.Release|x64.Build.0 = Release|Any CPU
		{9965A177-F972-4B95-8409-41E2882E9322}.Release|x86.ActiveCfg = Release|Any CPU
		{9965A177-F972-4B95-8409-41E2882E9322}.Release|x86.Build.0 = Release|Any CPU
		{F2DABA83-0CE3-4395-8A80-F440261018C0}.Debug|Any CPU.ActiveCfg = Debug|Any CPU
		{F2DABA83-0CE3-4395-8A80-F440261018C0}.Debug|Any CPU.Build.0 = Debug|Any CPU
		{F2DABA83-0CE3-4395-8A80-F440261018C0}.Debug|x64.ActiveCfg = Debug|Any CPU
		{F2DABA83-0CE3-4395-8A80-F440261018C0}.Debug|x64.Build.0 = Debug|Any CPU
		{F2DABA83-0CE3-4395-8A80-F440261018C0}.Debug|x86.ActiveCfg = Debug|Any CPU
		{F2DABA83-0CE3-4395-8A80-F440261018C0}.Debug|x86.Build.0 = Debug|Any CPU
		{F2DABA83-0CE3-4395-8A80-F440261018C0}.Release|Any CPU.ActiveCfg = Release|Any CPU
		{F2DABA83-0CE3-4395-8A80-F440261018C0}.Release|Any CPU.Build.0 = Release|Any CPU
		{F2DABA83-0CE3-4395-8A80-F440261018C0}.Release|x64.ActiveCfg = Release|Any CPU
		{F2DABA83-0CE3-4395-8A80-F440261018C0}.Release|x64.Build.0 = Release|Any CPU
		{F2DABA83-0CE3-4395-8A80-F440261018C0}.Release|x86.ActiveCfg = Release|Any CPU
		{F2DABA83-0CE3-4395-8A80-F440261018C0}.Release|x86.Build.0 = Release|Any CPU
		{9EA0D126-B801-4255-B44A-5C7F5DBD0EF1}.Debug|Any CPU.ActiveCfg = Debug|Any CPU
		{9EA0D126-B801-4255-B44A-5C7F5DBD0EF1}.Debug|Any CPU.Build.0 = Debug|Any CPU
		{9EA0D126-B801-4255-B44A-5C7F5DBD0EF1}.Debug|x64.ActiveCfg = Debug|Any CPU
		{9EA0D126-B801-4255-B44A-5C7F5DBD0EF1}.Debug|x64.Build.0 = Debug|Any CPU
		{9EA0D126-B801-4255-B44A-5C7F5DBD0EF1}.Debug|x86.ActiveCfg = Debug|Any CPU
		{9EA0D126-B801-4255-B44A-5C7F5DBD0EF1}.Debug|x86.Build.0 = Debug|Any CPU
		{9EA0D126-B801-4255-B44A-5C7F5DBD0EF1}.Release|Any CPU.ActiveCfg = Release|Any CPU
		{9EA0D126-B801-4255-B44A-5C7F5DBD0EF1}.Release|Any CPU.Build.0 = Release|Any CPU
		{9EA0D126-B801-4255-B44A-5C7F5DBD0EF1}.Release|x64.ActiveCfg = Release|Any CPU
		{9EA0D126-B801-4255-B44A-5C7F5DBD0EF1}.Release|x64.Build.0 = Release|Any CPU
		{9EA0D126-B801-4255-B44A-5C7F5DBD0EF1}.Release|x86.ActiveCfg = Release|Any CPU
		{9EA0D126-B801-4255-B44A-5C7F5DBD0EF1}.Release|x86.Build.0 = Release|Any CPU
		{5178FBF4-A523-4D96-810A-27BA362EF0C1}.Debug|Any CPU.ActiveCfg = Debug|Any CPU
		{5178FBF4-A523-4D96-810A-27BA362EF0C1}.Debug|Any CPU.Build.0 = Debug|Any CPU
		{5178FBF4-A523-4D96-810A-27BA362EF0C1}.Debug|x64.ActiveCfg = Debug|Any CPU
		{5178FBF4-A523-4D96-810A-27BA362EF0C1}.Debug|x64.Build.0 = Debug|Any CPU
		{5178FBF4-A523-4D96-810A-27BA362EF0C1}.Debug|x86.ActiveCfg = Debug|Any CPU
		{5178FBF4-A523-4D96-810A-27BA362EF0C1}.Debug|x86.Build.0 = Debug|Any CPU
		{5178FBF4-A523-4D96-810A-27BA362EF0C1}.Release|Any CPU.ActiveCfg = Release|Any CPU
		{5178FBF4-A523-4D96-810A-27BA362EF0C1}.Release|Any CPU.Build.0 = Release|Any CPU
		{5178FBF4-A523-4D96-810A-27BA362EF0C1}.Release|x64.ActiveCfg = Release|Any CPU
		{5178FBF4-A523-4D96-810A-27BA362EF0C1}.Release|x64.Build.0 = Release|Any CPU
		{5178FBF4-A523-4D96-810A-27BA362EF0C1}.Release|x86.ActiveCfg = Release|Any CPU
		{5178FBF4-A523-4D96-810A-27BA362EF0C1}.Release|x86.Build.0 = Release|Any CPU
		{522DE732-D4D6-4691-9F27-5FA8C4481527}.Debug|Any CPU.ActiveCfg = Debug|Any CPU
		{522DE732-D4D6-4691-9F27-5FA8C4481527}.Debug|Any CPU.Build.0 = Debug|Any CPU
		{522DE732-D4D6-4691-9F27-5FA8C4481527}.Debug|x64.ActiveCfg = Debug|Any CPU
		{522DE732-D4D6-4691-9F27-5FA8C4481527}.Debug|x64.Build.0 = Debug|Any CPU
		{522DE732-D4D6-4691-9F27-5FA8C4481527}.Debug|x86.ActiveCfg = Debug|Any CPU
		{522DE732-D4D6-4691-9F27-5FA8C4481527}.Debug|x86.Build.0 = Debug|Any CPU
		{522DE732-D4D6-4691-9F27-5FA8C4481527}.Release|Any CPU.ActiveCfg = Release|Any CPU
		{522DE732-D4D6-4691-9F27-5FA8C4481527}.Release|Any CPU.Build.0 = Release|Any CPU
		{522DE732-D4D6-4691-9F27-5FA8C4481527}.Release|x64.ActiveCfg = Release|Any CPU
		{522DE732-D4D6-4691-9F27-5FA8C4481527}.Release|x64.Build.0 = Release|Any CPU
		{522DE732-D4D6-4691-9F27-5FA8C4481527}.Release|x86.ActiveCfg = Release|Any CPU
		{522DE732-D4D6-4691-9F27-5FA8C4481527}.Release|x86.Build.0 = Release|Any CPU
	EndGlobalSection
	GlobalSection(SolutionProperties) = preSolution
		HideSolutionNode = FALSE
	EndGlobalSection
	GlobalSection(NestedProjects) = preSolution
		{1CCA764A-C052-4010-B92E-BE066A0A5B0D} = {1027466C-46FF-4EB5-941A-A78C6DA2EA5F}
		{1C774E0E-9157-4B34-B980-4EAE0DEB66C8} = {1027466C-46FF-4EB5-941A-A78C6DA2EA5F}
		{164C55DB-4D94-4280-A7C4-5DC6D8F5748E} = {1C774E0E-9157-4B34-B980-4EAE0DEB66C8}
		{D17B55FD-AA1E-4E9D-95F4-A14B9B2158C1} = {1C774E0E-9157-4B34-B980-4EAE0DEB66C8}
		{CB8805E9-DA0F-49AD-B440-574FEA7F9752} = {1C774E0E-9157-4B34-B980-4EAE0DEB66C8}
		{5D401A34-C4B1-41F4-8058-0F73A310393A} = {1CCA764A-C052-4010-B92E-BE066A0A5B0D}
		{872DBB2E-7B7C-43A3-9B21-7668CE00EDC2} = {5D401A34-C4B1-41F4-8058-0F73A310393A}
		{06BE814E-9C43-4240-BC95-107BE6D23FCD} = {1C774E0E-9157-4B34-B980-4EAE0DEB66C8}
		{1A50DD8E-2C5D-4677-A096-323920334416} = {1027466C-46FF-4EB5-941A-A78C6DA2EA5F}
		{F45DFEBB-F461-481D-883D-4FBCF222C19C} = {1A50DD8E-2C5D-4677-A096-323920334416}
		{45689B28-0562-4B28-8BBC-0BB5407AB03C} = {1C774E0E-9157-4B34-B980-4EAE0DEB66C8}
		{3128A9F2-A7A2-2E48-E60D-3543DBA4F26A} = {1CCA764A-C052-4010-B92E-BE066A0A5B0D}
		{EAC5DFF7-D828-4931-B009-F1CE0EE0A327} = {3128A9F2-A7A2-2E48-E60D-3543DBA4F26A}
		{1E67863E-F27C-41A4-8D4D-744E5E3EF95B} = {3128A9F2-A7A2-2E48-E60D-3543DBA4F26A}
		{E199EDB1-2AC3-48A9-9F4A-65A7BB9D80AA} = {3128A9F2-A7A2-2E48-E60D-3543DBA4F26A}
		{718A0EE0-28BB-4C4E-89B2-593153A46CE0} = {1C774E0E-9157-4B34-B980-4EAE0DEB66C8}
		{E3D7DFEC-9B40-4B73-8579-B792936B1122} = {3128A9F2-A7A2-2E48-E60D-3543DBA4F26A}
		{FE98A39D-C5C9-4E93-9269-50D97C88471C} = {3128A9F2-A7A2-2E48-E60D-3543DBA4F26A}
		{A34DC9E8-D422-4C8C-8207-B29D852F21DB} = {1C774E0E-9157-4B34-B980-4EAE0DEB66C8}
		{54C3CD5B-E495-4480-AA97-5B23958E841A} = {1C774E0E-9157-4B34-B980-4EAE0DEB66C8}
		{B0E1F1F7-F740-4CE9-892E-DE0A30E5C54D} = {1CCA764A-C052-4010-B92E-BE066A0A5B0D}
		{4D6360D4-C646-4987-A2F2-C9CCA7CF3F8F} = {B0E1F1F7-F740-4CE9-892E-DE0A30E5C54D}
		{DF384EAC-29F4-4101-998D-654F61D45778} = {B0E1F1F7-F740-4CE9-892E-DE0A30E5C54D}
		{1E69FA21-ABF5-47AB-9587-94F0D66931AA} = {B0E1F1F7-F740-4CE9-892E-DE0A30E5C54D}
		{A39357ED-5FE7-42A4-B1B4-B46F6901313D} = {B0E1F1F7-F740-4CE9-892E-DE0A30E5C54D}
		{C3583CA1-10DA-4978-9451-25B610F89B9E} = {B0E1F1F7-F740-4CE9-892E-DE0A30E5C54D}
		{BF088100-EDD7-452D-B6C3-B34ED7E5F8E0} = {5D401A34-C4B1-41F4-8058-0F73A310393A}
		{FFF8B124-DA0A-4225-8888-6E5327A517E7} = {1CCA764A-C052-4010-B92E-BE066A0A5B0D}
		{31A63767-D2BF-4A90-A543-AEAD2836D228} = {FFF8B124-DA0A-4225-8888-6E5327A517E7}
		{1B25A12C-568C-44D8-86D6-1A856AAD021C} = {1C774E0E-9157-4B34-B980-4EAE0DEB66C8}
		{DA171040-2998-47F0-8C3D-DFFF2AAF8101} = {1CCA764A-C052-4010-B92E-BE066A0A5B0D}
		{FC02E955-5E21-4927-B434-BB3F0C1B0866} = {DA171040-2998-47F0-8C3D-DFFF2AAF8101}
		{282ACC7C-7978-43A8-9E5C-BE0175F95266} = {1CCA764A-C052-4010-B92E-BE066A0A5B0D}
		{9965A177-F972-4B95-8409-41E2882E9322} = {282ACC7C-7978-43A8-9E5C-BE0175F95266}
		{F2DABA83-0CE3-4395-8A80-F440261018C0} = {282ACC7C-7978-43A8-9E5C-BE0175F95266}
		{6749F3DD-1C18-D3B8-E069-BA7AB59F77E1} = {1CCA764A-C052-4010-B92E-BE066A0A5B0D}
		{9EA0D126-B801-4255-B44A-5C7F5DBD0EF1} = {6749F3DD-1C18-D3B8-E069-BA7AB59F77E1}
		{DD565378-BF66-4A09-9993-C94CF3800138} = {175030A3-FCEC-496B-B6C1-D5BB9786D821}
		{6CDA1CBC-A1EE-0A76-8E11-75063EA3D8D8} = {1CCA764A-C052-4010-B92E-BE066A0A5B0D}
		{5178FBF4-A523-4D96-810A-27BA362EF0C1} = {6CDA1CBC-A1EE-0A76-8E11-75063EA3D8D8}
		{522DE732-D4D6-4691-9F27-5FA8C4481527} = {1C774E0E-9157-4B34-B980-4EAE0DEB66C8}
	EndGlobalSection
EndGlobal
